
Microsoft Visual Studio Solution File, Format Version 12.00
# Visual Studio 15
VisualStudioVersion = 15.0.28010.2048
MinimumVisualStudioVersion = 10.0.40219.1
Project("{9A19103F-16F7-4668-BE54-9A1E7A4F7556}") = "NetCore", "NetCore\NetCore.csproj", "{4026F494-E49A-4E6E-A6CF-1058F0978ABB}"
EndProject
Project("{FAE04EC0-301F-11D3-BF4B-00C04F79EFBC}") = "UnitTestNetCoreApi", "UnitTestNetCoreApi\UnitTestNetCoreApi.csproj", "{91056094-DE1A-4DE6-BF69-2A447103A8D1}"
EndProject
Global
	GlobalSection(SolutionConfigurationPlatforms) = preSolution
		Debug|Any CPU = Debug|Any CPU
		Release|Any CPU = Release|Any CPU
	EndGlobalSection
	GlobalSection(ProjectConfigurationPlatforms) = postSolution
		{4026F494-E49A-4E6E-A6CF-1058F0978ABB}.Debug|Any CPU.ActiveCfg = Debug|Any CPU
		{4026F494-E49A-4E6E-A6CF-1058F0978ABB}.Debug|Any CPU.Build.0 = Debug|Any CPU
		{4026F494-E49A-4E6E-A6CF-1058F0978ABB}.Release|Any CPU.ActiveCfg = Release|Any CPU
		{4026F494-E49A-4E6E-A6CF-1058F0978ABB}.Release|Any CPU.Build.0 = Release|Any CPU
		{91056094-DE1A-4DE6-BF69-2A447103A8D1}.Debug|Any CPU.ActiveCfg = Debug|Any CPU
		{91056094-DE1A-4DE6-BF69-2A447103A8D1}.Debug|Any CPU.Build.0 = Debug|Any CPU
		{91056094-DE1A-4DE6-BF69-2A447103A8D1}.Release|Any CPU.ActiveCfg = Release|Any CPU
		{91056094-DE1A-4DE6-BF69-2A447103A8D1}.Release|Any CPU.Build.0 = Release|Any CPU
	EndGlobalSection
	GlobalSection(SolutionProperties) = preSolution
		HideSolutionNode = FALSE
	EndGlobalSection
	GlobalSection(ExtensibilityGlobals) = postSolution
		SolutionGuid = {BEBFBAB3-F56B-4E17-B244-1437E4594021}
	EndGlobalSection
EndGlobal
